{
  "name": "@akkadu/rsi-api-interpretation-player",
  "version": "0.0.2",
  "lockfileVersion": 1,
  "requires": true,
  "dependencies": {
    "@akkadu/rsi-api-base": {
      "version": "0.0.6",
      "resolved": "https://registry.npmjs.org/@akkadu/rsi-api-base/-/rsi-api-base-0.0.6.tgz",
      "integrity": "sha512-YqGtKg19Sg0XxN7CPgnP4XUswIwr3E4Jru44z6K6rNOKGoGortj/Nqzn9kw9ucorPhPweTnHF6JSS1CRzCmQ+w=="
    }
  }
}
