{
  "name": "@akkadu/rsi-api-interpretation-manager",
  "version": "0.0.1",
  "lockfileVersion": 1,
  "requires": true,
  "dependencies": {
    "@akkadu/rsi-api-base": {
      "version": "0.0.5",
      "resolved": "https://registry.npmjs.org/@akkadu/rsi-api-base/-/rsi-api-base-0.0.5.tgz",
      "integrity": "sha512-Sr4qF3vtfQSaHeHScu4I5u//hMMRzSLDp88y+AatPmbooyTfJnTIHYKWrm8ddae8PEkZu75WRj+XTRXmBqNTMQ=="
    }
  }
}
